
Microsoft Visual Studio Solution File, Format Version 12.00
# Visual Studio Version 17
VisualStudioVersion = 17.2.32630.192
MinimumVisualStudioVersion = 10.0.40219.1
Project("{FAE04EC0-301F-11D3-BF4B-00C04F79EFBC}") = "CIS_Proj.API", "CIS_Proj.API\CIS_Proj.API.csproj", "{D507F6F6-33DD-4AA5-B8F8-792A673A9ECB}"
EndProject
Global
	GlobalSection(SolutionConfigurationPlatforms) = preSolution
		Debug|Any CPU = Debug|Any CPU
		Release|Any CPU = Release|Any CPU
	EndGlobalSection
	GlobalSection(ProjectConfigurationPlatforms) = postSolution
		{D507F6F6-33DD-4AA5-B8F8-792A673A9ECB}.Debug|Any CPU.ActiveCfg = Debug|Any CPU
		{D507F6F6-33DD-4AA5-B8F8-792A673A9ECB}.Debug|Any CPU.Build.0 = Debug|Any CPU
		{D507F6F6-33DD-4AA5-B8F8-792A673A9ECB}.Release|Any CPU.ActiveCfg = Release|Any CPU
		{D507F6F6-33DD-4AA5-B8F8-792A673A9ECB}.Release|Any CPU.Build.0 = Release|Any CPU
	EndGlobalSection
	GlobalSection(SolutionProperties) = preSolution
		HideSolutionNode = FALSE
	EndGlobalSection
	GlobalSection(ExtensibilityGlobals) = postSolution
		SolutionGuid = {88754DCE-6228-4A41-ABEE-691FACBA2A5E}
	EndGlobalSection
EndGlobal
