
Microsoft Visual Studio Solution File, Format Version 12.00
# Visual Studio Version 17
VisualStudioVersion = 17.2.32516.85
MinimumVisualStudioVersion = 10.0.40219.1
Project("{9A19103F-16F7-4668-BE54-9A1E7A4F7556}") = "CIS_Proj", "CIS_Proj1\CIS_Proj.csproj", "{3D7435D2-2D07-4BED-8873-2A68884E9B06}"
EndProject
Project("{9A19103F-16F7-4668-BE54-9A1E7A4F7556}") = "Library.CIS_Proj", "Library.CIS_Proj1\Library.CIS_Proj.csproj", "{E21CCACA-ECD0-4942-A4B1-E28409C0BFC9}"
EndProject
Project("{FAE04EC0-301F-11D3-BF4B-00C04F79EFBC}") = "GUI_App", "GUI_App\GUI_App.csproj", "{4ADE26F8-5F21-477D-8C1F-E3DE66CE0C86}"
EndProject
Project("{FAE04EC0-301F-11D3-BF4B-00C04F79EFBC}") = "Library.GUI_App", "Library.GUI_App\Library.GUI_App.csproj", "{86F19899-308E-43A4-BF44-8938BE008FCD}"
EndProject
Project("{9A19103F-16F7-4668-BE54-9A1E7A4F7556}") = "Library.Standard.CIS_Proj", "Library.Standard.CIS_Proj\Library.Standard.CIS_Proj.csproj", "{B1CF9BE7-A97C-4F5F-8680-C94FF6CF0EF7}"
EndProject
Global
	GlobalSection(SolutionConfigurationPlatforms) = preSolution
		Debug|Any CPU = Debug|Any CPU
		Debug|ARM = Debug|ARM
		Debug|ARM64 = Debug|ARM64
		Debug|x64 = Debug|x64
		Debug|x86 = Debug|x86
		Release|Any CPU = Release|Any CPU
		Release|ARM = Release|ARM
		Release|ARM64 = Release|ARM64
		Release|x64 = Release|x64
		Release|x86 = Release|x86
	EndGlobalSection
	GlobalSection(ProjectConfigurationPlatforms) = postSolution
		{3D7435D2-2D07-4BED-8873-2A68884E9B06}.Debug|Any CPU.ActiveCfg = Debug|Any CPU
		{3D7435D2-2D07-4BED-8873-2A68884E9B06}.Debug|Any CPU.Build.0 = Debug|Any CPU
		{3D7435D2-2D07-4BED-8873-2A68884E9B06}.Debug|ARM.ActiveCfg = Debug|Any CPU
		{3D7435D2-2D07-4BED-8873-2A68884E9B06}.Debug|ARM.Build.0 = Debug|Any CPU
		{3D7435D2-2D07-4BED-8873-2A68884E9B06}.Debug|ARM64.ActiveCfg = Debug|Any CPU
		{3D7435D2-2D07-4BED-8873-2A68884E9B06}.Debug|ARM64.Build.0 = Debug|Any CPU
		{3D7435D2-2D07-4BED-8873-2A68884E9B06}.Debug|x64.ActiveCfg = Debug|Any CPU
		{3D7435D2-2D07-4BED-8873-2A68884E9B06}.Debug|x64.Build.0 = Debug|Any CPU
		{3D7435D2-2D07-4BED-8873-2A68884E9B06}.Debug|x86.ActiveCfg = Debug|Any CPU
		{3D7435D2-2D07-4BED-8873-2A68884E9B06}.Debug|x86.Build.0 = Debug|Any CPU
		{3D7435D2-2D07-4BED-8873-2A68884E9B06}.Release|Any CPU.ActiveCfg = Release|Any CPU
		{3D7435D2-2D07-4BED-8873-2A68884E9B06}.Release|Any CPU.Build.0 = Release|Any CPU
		{3D7435D2-2D07-4BED-8873-2A68884E9B06}.Release|ARM.ActiveCfg = Release|Any CPU
		{3D7435D2-2D07-4BED-8873-2A68884E9B06}.Release|ARM.Build.0 = Release|Any CPU
		{3D7435D2-2D07-4BED-8873-2A68884E9B06}.Release|ARM64.ActiveCfg = Release|Any CPU
		{3D7435D2-2D07-4BED-8873-2A68884E9B06}.Release|ARM64.Build.0 = Release|Any CPU
		{3D7435D2-2D07-4BED-8873-2A68884E9B06}.Release|x64.ActiveCfg = Release|Any CPU
		{3D7435D2-2D07-4BED-8873-2A68884E9B06}.Release|x64.Build.0 = Release|Any CPU
		{3D7435D2-2D07-4BED-8873-2A68884E9B06}.Release|x86.ActiveCfg = Release|Any CPU
		{3D7435D2-2D07-4BED-8873-2A68884E9B06}.Release|x86.Build.0 = Release|Any CPU
		{E21CCACA-ECD0-4942-A4B1-E28409C0BFC9}.Debug|Any CPU.ActiveCfg = Debug|Any CPU
		{E21CCACA-ECD0-4942-A4B1-E28409C0BFC9}.Debug|Any CPU.Build.0 = Debug|Any CPU
		{E21CCACA-ECD0-4942-A4B1-E28409C0BFC9}.Debug|ARM.ActiveCfg = Debug|Any CPU
		{E21CCACA-ECD0-4942-A4B1-E28409C0BFC9}.Debug|ARM.Build.0 = Debug|Any CPU
		{E21CCACA-ECD0-4942-A4B1-E28409C0BFC9}.Debug|ARM64.ActiveCfg = Debug|Any CPU
		{E21CCACA-ECD0-4942-A4B1-E28409C0BFC9}.Debug|ARM64.Build.0 = Debug|Any CPU
		{E21CCACA-ECD0-4942-A4B1-E28409C0BFC9}.Debug|x64.ActiveCfg = Debug|Any CPU
		{E21CCACA-ECD0-4942-A4B1-E28409C0BFC9}.Debug|x64.Build.0 = Debug|Any CPU
		{E21CCACA-ECD0-4942-A4B1-E28409C0BFC9}.Debug|x86.ActiveCfg = Debug|Any CPU
		{E21CCACA-ECD0-4942-A4B1-E28409C0BFC9}.Debug|x86.Build.0 = Debug|Any CPU
		{E21CCACA-ECD0-4942-A4B1-E28409C0BFC9}.Release|Any CPU.ActiveCfg = Release|Any CPU
		{E21CCACA-ECD0-4942-A4B1-E28409C0BFC9}.Release|Any CPU.Build.0 = Release|Any CPU
		{E21CCACA-ECD0-4942-A4B1-E28409C0BFC9}.Release|ARM.ActiveCfg = Release|Any CPU
		{E21CCACA-ECD0-4942-A4B1-E28409C0BFC9}.Release|ARM.Build.0 = Release|Any CPU
		{E21CCACA-ECD0-4942-A4B1-E28409C0BFC9}.Release|ARM64.ActiveCfg = Release|Any CPU
		{E21CCACA-ECD0-4942-A4B1-E28409C0BFC9}.Release|ARM64.Build.0 = Release|Any CPU
		{E21CCACA-ECD0-4942-A4B1-E28409C0BFC9}.Release|x64.ActiveCfg = Release|Any CPU
		{E21CCACA-ECD0-4942-A4B1-E28409C0BFC9}.Release|x64.Build.0 = Release|Any CPU
		{E21CCACA-ECD0-4942-A4B1-E28409C0BFC9}.Release|x86.ActiveCfg = Release|Any CPU
		{E21CCACA-ECD0-4942-A4B1-E28409C0BFC9}.Release|x86.Build.0 = Release|Any CPU
		{4ADE26F8-5F21-477D-8C1F-E3DE66CE0C86}.Debug|Any CPU.ActiveCfg = Debug|x64
		{4ADE26F8-5F21-477D-8C1F-E3DE66CE0C86}.Debug|Any CPU.Build.0 = Debug|x64
		{4ADE26F8-5F21-477D-8C1F-E3DE66CE0C86}.Debug|Any CPU.Deploy.0 = Debug|x64
		{4ADE26F8-5F21-477D-8C1F-E3DE66CE0C86}.Debug|ARM.ActiveCfg = Debug|ARM
		{4ADE26F8-5F21-477D-8C1F-E3DE66CE0C86}.Debug|ARM.Build.0 = Debug|ARM
		{4ADE26F8-5F21-477D-8C1F-E3DE66CE0C86}.Debug|ARM.Deploy.0 = Debug|ARM
		{4ADE26F8-5F21-477D-8C1F-E3DE66CE0C86}.Debug|ARM64.ActiveCfg = Debug|ARM64
		{4ADE26F8-5F21-477D-8C1F-E3DE66CE0C86}.Debug|ARM64.Build.0 = Debug|ARM64
		{4ADE26F8-5F21-477D-8C1F-E3DE66CE0C86}.Debug|ARM64.Deploy.0 = Debug|ARM64
		{4ADE26F8-5F21-477D-8C1F-E3DE66CE0C86}.Debug|x64.ActiveCfg = Debug|x64
		{4ADE26F8-5F21-477D-8C1F-E3DE66CE0C86}.Debug|x64.Build.0 = Debug|x64
		{4ADE26F8-5F21-477D-8C1F-E3DE66CE0C86}.Debug|x64.Deploy.0 = Debug|x64
		{4ADE26F8-5F21-477D-8C1F-E3DE66CE0C86}.Debug|x86.ActiveCfg = Debug|x86
		{4ADE26F8-5F21-477D-8C1F-E3DE66CE0C86}.Debug|x86.Build.0 = Debug|x86
		{4ADE26F8-5F21-477D-8C1F-E3DE66CE0C86}.Debug|x86.Deploy.0 = Debug|x86
		{4ADE26F8-5F21-477D-8C1F-E3DE66CE0C86}.Release|Any CPU.ActiveCfg = Release|x64
		{4ADE26F8-5F21-477D-8C1F-E3DE66CE0C86}.Release|Any CPU.Build.0 = Release|x64
		{4ADE26F8-5F21-477D-8C1F-E3DE66CE0C86}.Release|Any CPU.Deploy.0 = Release|x64
		{4ADE26F8-5F21-477D-8C1F-E3DE66CE0C86}.Release|ARM.ActiveCfg = Release|ARM
		{4ADE26F8-5F21-477D-8C1F-E3DE66CE0C86}.Release|ARM.Build.0 = Release|ARM
		{4ADE26F8-5F21-477D-8C1F-E3DE66CE0C86}.Release|ARM.Deploy.0 = Release|ARM
		{4ADE26F8-5F21-477D-8C1F-E3DE66CE0C86}.Release|ARM64.ActiveCfg = Release|ARM64
		{4ADE26F8-5F21-477D-8C1F-E3DE66CE0C86}.Release|ARM64.Build.0 = Release|ARM64
		{4ADE26F8-5F21-477D-8C1F-E3DE66CE0C86}.Release|ARM64.Deploy.0 = Release|ARM64
		{4ADE26F8-5F21-477D-8C1F-E3DE66CE0C86}.Release|x64.ActiveCfg = Release|x64
		{4ADE26F8-5F21-477D-8C1F-E3DE66CE0C86}.Release|x64.Build.0 = Release|x64
		{4ADE26F8-5F21-477D-8C1F-E3DE66CE0C86}.Release|x64.Deploy.0 = Release|x64
		{4ADE26F8-5F21-477D-8C1F-E3DE66CE0C86}.Release|x86.ActiveCfg = Release|x86
		{4ADE26F8-5F21-477D-8C1F-E3DE66CE0C86}.Release|x86.Build.0 = Release|x86
		{4ADE26F8-5F21-477D-8C1F-E3DE66CE0C86}.Release|x86.Deploy.0 = Release|x86
		{86F19899-308E-43A4-BF44-8938BE008FCD}.Debug|Any CPU.ActiveCfg = Debug|Any CPU
		{86F19899-308E-43A4-BF44-8938BE008FCD}.Debug|Any CPU.Build.0 = Debug|Any CPU
		{86F19899-308E-43A4-BF44-8938BE008FCD}.Debug|ARM.ActiveCfg = Debug|ARM
		{86F19899-308E-43A4-BF44-8938BE008FCD}.Debug|ARM.Build.0 = Debug|ARM
		{86F19899-308E-43A4-BF44-8938BE008FCD}.Debug|ARM64.ActiveCfg = Debug|ARM64
		{86F19899-308E-43A4-BF44-8938BE008FCD}.Debug|ARM64.Build.0 = Debug|ARM64
		{86F19899-308E-43A4-BF44-8938BE008FCD}.Debug|x64.ActiveCfg = Debug|x64
		{86F19899-308E-43A4-BF44-8938BE008FCD}.Debug|x64.Build.0 = Debug|x64
		{86F19899-308E-43A4-BF44-8938BE008FCD}.Debug|x86.ActiveCfg = Debug|x86
		{86F19899-308E-43A4-BF44-8938BE008FCD}.Debug|x86.Build.0 = Debug|x86
		{86F19899-308E-43A4-BF44-8938BE008FCD}.Release|Any CPU.ActiveCfg = Release|Any CPU
		{86F19899-308E-43A4-BF44-8938BE008FCD}.Release|Any CPU.Build.0 = Release|Any CPU
		{86F19899-308E-43A4-BF44-8938BE008FCD}.Release|ARM.ActiveCfg = Release|ARM
		{86F19899-308E-43A4-BF44-8938BE008FCD}.Release|ARM.Build.0 = Release|ARM
		{86F19899-308E-43A4-BF44-8938BE008FCD}.Release|ARM64.ActiveCfg = Release|ARM64
		{86F19899-308E-43A4-BF44-8938BE008FCD}.Release|ARM64.Build.0 = Release|ARM64
		{86F19899-308E-43A4-BF44-8938BE008FCD}.Release|x64.ActiveCfg = Release|x64
		{86F19899-308E-43A4-BF44-8938BE008FCD}.Release|x64.Build.0 = Release|x64
		{86F19899-308E-43A4-BF44-8938BE008FCD}.Release|x86.ActiveCfg = Release|x86
		{86F19899-308E-43A4-BF44-8938BE008FCD}.Release|x86.Build.0 = Release|x86
		{B1CF9BE7-A97C-4F5F-8680-C94FF6CF0EF7}.Debug|Any CPU.ActiveCfg = Debug|Any CPU
		{B1CF9BE7-A97C-4F5F-8680-C94FF6CF0EF7}.Debug|Any CPU.Build.0 = Debug|Any CPU
		{B1CF9BE7-A97C-4F5F-8680-C94FF6CF0EF7}.Debug|ARM.ActiveCfg = Debug|Any CPU
		{B1CF9BE7-A97C-4F5F-8680-C94FF6CF0EF7}.Debug|ARM.Build.0 = Debug|Any CPU
		{B1CF9BE7-A97C-4F5F-8680-C94FF6CF0EF7}.Debug|ARM64.ActiveCfg = Debug|Any CPU
		{B1CF9BE7-A97C-4F5F-8680-C94FF6CF0EF7}.Debug|ARM64.Build.0 = Debug|Any CPU
		{B1CF9BE7-A97C-4F5F-8680-C94FF6CF0EF7}.Debug|x64.ActiveCfg = Debug|Any CPU
		{B1CF9BE7-A97C-4F5F-8680-C94FF6CF0EF7}.Debug|x64.Build.0 = Debug|Any CPU
		{B1CF9BE7-A97C-4F5F-8680-C94FF6CF0EF7}.Debug|x86.ActiveCfg = Debug|Any CPU
		{B1CF9BE7-A97C-4F5F-8680-C94FF6CF0EF7}.Debug|x86.Build.0 = Debug|Any CPU
		{B1CF9BE7-A97C-4F5F-8680-C94FF6CF0EF7}.Release|Any CPU.ActiveCfg = Release|Any CPU
		{B1CF9BE7-A97C-4F5F-8680-C94FF6CF0EF7}.Release|Any CPU.Build.0 = Release|Any CPU
		{B1CF9BE7-A97C-4F5F-8680-C94FF6CF0EF7}.Release|ARM.ActiveCfg = Release|Any CPU
		{B1CF9BE7-A97C-4F5F-8680-C94FF6CF0EF7}.Release|ARM.Build.0 = Release|Any CPU
		{B1CF9BE7-A97C-4F5F-8680-C94FF6CF0EF7}.Release|ARM64.ActiveCfg = Release|Any CPU
		{B1CF9BE7-A97C-4F5F-8680-C94FF6CF0EF7}.Release|ARM64.Build.0 = Release|Any CPU
		{B1CF9BE7-A97C-4F5F-8680-C94FF6CF0EF7}.Release|x64.ActiveCfg = Release|Any CPU
		{B1CF9BE7-A97C-4F5F-8680-C94FF6CF0EF7}.Release|x64.Build.0 = Release|Any CPU
		{B1CF9BE7-A97C-4F5F-8680-C94FF6CF0EF7}.Release|x86.ActiveCfg = Release|Any CPU
		{B1CF9BE7-A97C-4F5F-8680-C94FF6CF0EF7}.Release|x86.Build.0 = Release|Any CPU
	EndGlobalSection
	GlobalSection(SolutionProperties) = preSolution
		HideSolutionNode = FALSE
	EndGlobalSection
	GlobalSection(ExtensibilityGlobals) = postSolution
		SolutionGuid = {AF8E8144-2F1D-401E-9CFF-5B4347588F0D}
	EndGlobalSection
EndGlobal
